
Microsoft Visual Studio Solution File, Format Version 12.00
# Visual Studio Version 17
VisualStudioVersion = 17.7.34202.233
MinimumVisualStudioVersion = 10.0.40219.1
Project("{FAE04EC0-301F-11D3-BF4B-00C04F79EFBC}") = "(SUDE BİBER -DUYGU CEBECİ) Araç parça stok takip uygulaması", "(SUDE BİBER -DUYGU CEBECİ) Araç parça stok takip uygulaması.csproj", "{92603C10-B745-49D9-83E2-0E73371F9449}"
EndProject
Global
	GlobalSection(SolutionConfigurationPlatforms) = preSolution
		Debug|Any CPU = Debug|Any CPU
		Release|Any CPU = Release|Any CPU
	EndGlobalSection
	GlobalSection(ProjectConfigurationPlatforms) = postSolution
		{92603C10-B745-49D9-83E2-0E73371F9449}.Debug|Any CPU.ActiveCfg = Debug|Any CPU
		{92603C10-B745-49D9-83E2-0E73371F9449}.Debug|Any CPU.Build.0 = Debug|Any CPU
		{92603C10-B745-49D9-83E2-0E73371F9449}.Release|Any CPU.ActiveCfg = Release|Any CPU
		{92603C10-B745-49D9-83E2-0E73371F9449}.Release|Any CPU.Build.0 = Release|Any CPU
	EndGlobalSection
	GlobalSection(SolutionProperties) = preSolution
		HideSolutionNode = FALSE
	EndGlobalSection
	GlobalSection(ExtensibilityGlobals) = postSolution
		SolutionGuid = {AA7ED201-DC10-4600-B73A-757E044C1BB4}
	EndGlobalSection
EndGlobal
